
Microsoft Visual Studio Solution File, Format Version 12.00
# Visual Studio Version 17
VisualStudioVersion = 17.8.34511.84
MinimumVisualStudioVersion = 10.0.40219.1
Project("{FAE04EC0-301F-11D3-BF4B-00C04F79EFBC}") = "GUIEjemplo", "GUIEjemplo\GUIEjemplo.csproj", "{C178DD58-963F-4E72-BFC0-2817F2345612}"
EndProject
Global
	GlobalSection(SolutionConfigurationPlatforms) = preSolution
		Debug|Any CPU = Debug|Any CPU
		Release|Any CPU = Release|Any CPU
	EndGlobalSection
	GlobalSection(ProjectConfigurationPlatforms) = postSolution
		{C178DD58-963F-4E72-BFC0-2817F2345612}.Debug|Any CPU.ActiveCfg = Debug|Any CPU
		{C178DD58-963F-4E72-BFC0-2817F2345612}.Debug|Any CPU.Build.0 = Debug|Any CPU
		{C178DD58-963F-4E72-BFC0-2817F2345612}.Release|Any CPU.ActiveCfg = Release|Any CPU
		{C178DD58-963F-4E72-BFC0-2817F2345612}.Release|Any CPU.Build.0 = Release|Any CPU
	EndGlobalSection
	GlobalSection(SolutionProperties) = preSolution
		HideSolutionNode = FALSE
	EndGlobalSection
	GlobalSection(ExtensibilityGlobals) = postSolution
		SolutionGuid = {7941B93D-27A0-4090-AD6C-64A8D44DF099}
	EndGlobalSection
EndGlobal
